
Microsoft Visual Studio Solution File, Format Version 12.00
# Visual Studio Version 16
VisualStudioVersion = 16.0.34031.81
MinimumVisualStudioVersion = 10.0.40219.1
Project("{FAE04EC0-301F-11D3-BF4B-00C04F79EFBC}") = "Romanenko_lab6(2)", "Romanenko_lab6(2)\Romanenko_lab6(2).csproj", "{614CDBF2-88A6-4BB7-9003-3A7F3828BD8F}"
EndProject
Global
	GlobalSection(SolutionConfigurationPlatforms) = preSolution
		Debug|Any CPU = Debug|Any CPU
		Release|Any CPU = Release|Any CPU
	EndGlobalSection
	GlobalSection(ProjectConfigurationPlatforms) = postSolution
		{614CDBF2-88A6-4BB7-9003-3A7F3828BD8F}.Debug|Any CPU.ActiveCfg = Debug|Any CPU
		{614CDBF2-88A6-4BB7-9003-3A7F3828BD8F}.Debug|Any CPU.Build.0 = Debug|Any CPU
		{614CDBF2-88A6-4BB7-9003-3A7F3828BD8F}.Release|Any CPU.ActiveCfg = Release|Any CPU
		{614CDBF2-88A6-4BB7-9003-3A7F3828BD8F}.Release|Any CPU.Build.0 = Release|Any CPU
	EndGlobalSection
	GlobalSection(SolutionProperties) = preSolution
		HideSolutionNode = FALSE
	EndGlobalSection
	GlobalSection(ExtensibilityGlobals) = postSolution
		SolutionGuid = {9392E280-7EEF-485C-AA87-7243A02B981A}
	EndGlobalSection
EndGlobal
