
Microsoft Visual Studio Solution File, Format Version 12.00
# Visual Studio Version 16
VisualStudioVersion = 16.0.34031.81
MinimumVisualStudioVersion = 10.0.40219.1
Project("{FAE04EC0-301F-11D3-BF4B-00C04F79EFBC}") = "Romanenko_lab6 zavd3", "Romanenko_lab6 zavd3\Romanenko_lab6 zavd3.csproj", "{64C143A1-70E2-4DAA-B904-30ED2C3D5BB5}"
EndProject
Global
	GlobalSection(SolutionConfigurationPlatforms) = preSolution
		Debug|Any CPU = Debug|Any CPU
		Release|Any CPU = Release|Any CPU
	EndGlobalSection
	GlobalSection(ProjectConfigurationPlatforms) = postSolution
		{64C143A1-70E2-4DAA-B904-30ED2C3D5BB5}.Debug|Any CPU.ActiveCfg = Debug|Any CPU
		{64C143A1-70E2-4DAA-B904-30ED2C3D5BB5}.Debug|Any CPU.Build.0 = Debug|Any CPU
		{64C143A1-70E2-4DAA-B904-30ED2C3D5BB5}.Release|Any CPU.ActiveCfg = Release|Any CPU
		{64C143A1-70E2-4DAA-B904-30ED2C3D5BB5}.Release|Any CPU.Build.0 = Release|Any CPU
	EndGlobalSection
	GlobalSection(SolutionProperties) = preSolution
		HideSolutionNode = FALSE
	EndGlobalSection
	GlobalSection(ExtensibilityGlobals) = postSolution
		SolutionGuid = {3F1EBCBD-C09D-4F36-90F7-334D58E28E9E}
	EndGlobalSection
EndGlobal
